
Microsoft Visual Studio Solution File, Format Version 12.00
# Visual Studio Version 16
VisualStudioVersion = 16.0.31624.102
MinimumVisualStudioVersion = 10.0.40219.1
Project("{FAE04EC0-301F-11D3-BF4B-00C04F79EFBC}") = "RaphaelCampagnac", "RaphaelCampagnac.csproj", "{C4C73164-78B0-4F75-B580-685BE990C3AF}"
EndProject
Global
	GlobalSection(SolutionConfigurationPlatforms) = preSolution
		Debug|Any CPU = Debug|Any CPU
		Release|Any CPU = Release|Any CPU
	EndGlobalSection
	GlobalSection(ProjectConfigurationPlatforms) = postSolution
		{C4C73164-78B0-4F75-B580-685BE990C3AF}.Debug|Any CPU.ActiveCfg = Debug|Any CPU
		{C4C73164-78B0-4F75-B580-685BE990C3AF}.Debug|Any CPU.Build.0 = Debug|Any CPU
		{C4C73164-78B0-4F75-B580-685BE990C3AF}.Release|Any CPU.ActiveCfg = Release|Any CPU
		{C4C73164-78B0-4F75-B580-685BE990C3AF}.Release|Any CPU.Build.0 = Release|Any CPU
	EndGlobalSection
	GlobalSection(SolutionProperties) = preSolution
		HideSolutionNode = FALSE
	EndGlobalSection
	GlobalSection(ExtensibilityGlobals) = postSolution
		SolutionGuid = {1411F28D-DCDF-4E67-A272-0AE3D2828ACF}
	EndGlobalSection
EndGlobal
